<?xml version="1.0" encoding="UTF-8"?>
<Scheme
   version = "1.3">
   <BuildAction>
      <BuildActionEntries>
         <BuildActionEntry
            buildForRunning = "YES"
            buildForTesting = "YES">
            <BuildableReference
               BuildableIdentifier = "primary"
               BlueprintIdentifier = "FD5B98841D37067A00714B16"
               BuildableName = "yaasTests.xctest"
               BlueprintName = "yaasTests"
               ReferencedContainer = "container:yaas.xcodeproj">
            </BuildableReference>
         </BuildActionEntry>
      </BuildActionEntries>
   </BuildAction>
   <TestAction
      buildConfiguration = "Debug">
      <Testables>
         <TestableReference>
            <BuildableReference
               BuildableIdentifier = "primary"
               BlueprintIdentifier = "FD5B98841D37067A00714B16"
               BuildableName = "yaasTests.xctest"
               BlueprintName = "yaasTests"
               ReferencedContainer = "container:yaas.xcodeproj">
            </BuildableReference>
            <SkippedTests>
               <Test
                  Identifier = "yaasTests/testPerformanceExample()">
               </Test>
            </SkippedTests>
         </TestableReference>
      </Testables>
   </TestAction>
   <LaunchAction
      useCustomWorkingDirectory = "NO">
   </LaunchAction>
</Scheme>
