
Microsoft Visual Studio Solution File, Format Version 12.00
# Visual Studio 2012
Project("{E46047CC-93F7-4276-B99F-D42ED1EBFEDA}") = "Org.Roylance.Yaas", "Org.Roylance.Yaas.xproj", "{1283B882-1233-41B1-A336-0BB3C2581A6F}"
EndProject
Global
	GlobalSection(SolutionConfigurationPlatforms) = preSolution
		Debug|Any CPU = Debug|Any CPU
		Release|Any CPU = Release|Any CPU
	EndGlobalSection
	GlobalSection(ProjectConfigurationPlatforms) = postSolution
		{1283B882-1233-41B1-A336-0BB3C2581A6F}.Debug|Any CPU.ActiveCfg = Debug|Any CPU
		{1283B882-1233-41B1-A336-0BB3C2581A6F}.Debug|Any CPU.Build.0 = Debug|Any CPU
		{1283B882-1233-41B1-A336-0BB3C2581A6F}.Release|Any CPU.ActiveCfg = Release|Any CPU
		{1283B882-1233-41B1-A336-0BB3C2581A6F}.Release|Any CPU.Build.0 = Release|Any CPU
	EndGlobalSection
EndGlobal
