
Microsoft Visual Studio Solution File, Format Version 12.00
# Visual Studio 2012
Project("{11372037-0804-4C32-968A-C7EB8F458FF5}") = "Org.Roylance.Yaas", "Org.Roylance.Yaas.xproj", "{7F353142-BB1D-4052-BDE9-98C13A50CCB1}"
EndProject
Global
	GlobalSection(SolutionConfigurationPlatforms) = preSolution
		Debug|Any CPU = Debug|Any CPU
		Release|Any CPU = Release|Any CPU
	EndGlobalSection
	GlobalSection(ProjectConfigurationPlatforms) = postSolution
		{7F353142-BB1D-4052-BDE9-98C13A50CCB1}.Debug|Any CPU.ActiveCfg = Debug|Any CPU
		{7F353142-BB1D-4052-BDE9-98C13A50CCB1}.Debug|Any CPU.Build.0 = Debug|Any CPU
		{7F353142-BB1D-4052-BDE9-98C13A50CCB1}.Release|Any CPU.ActiveCfg = Release|Any CPU
		{7F353142-BB1D-4052-BDE9-98C13A50CCB1}.Release|Any CPU.Build.0 = Release|Any CPU
	EndGlobalSection
EndGlobal
