
Microsoft Visual Studio Solution File, Format Version 12.00
# Visual Studio 2012
Project("{6D7DEF64-7837-4467-BCE2-531C1B2B4DED}") = "Org.Roylance.Yaas.Api", "Org.Roylance.Yaas.Api.xproj", "{AA39F2A8-0C49-4B5D-9037-47F5B33613CA}"
EndProject
Global
	GlobalSection(SolutionConfigurationPlatforms) = preSolution
		Debug|Any CPU = Debug|Any CPU
		Release|Any CPU = Release|Any CPU
	EndGlobalSection
	GlobalSection(ProjectConfigurationPlatforms) = postSolution
		{AA39F2A8-0C49-4B5D-9037-47F5B33613CA}.Debug|Any CPU.ActiveCfg = Debug|Any CPU
		{AA39F2A8-0C49-4B5D-9037-47F5B33613CA}.Debug|Any CPU.Build.0 = Debug|Any CPU
		{AA39F2A8-0C49-4B5D-9037-47F5B33613CA}.Release|Any CPU.ActiveCfg = Release|Any CPU
		{AA39F2A8-0C49-4B5D-9037-47F5B33613CA}.Release|Any CPU.Build.0 = Release|Any CPU
	EndGlobalSection
EndGlobal
